
Microsoft Visual Studio Solution File, Format Version 12.00
# Visual Studio Version 17
VisualStudioVersion = 17.14.36603.0
MinimumVisualStudioVersion = 10.0.40219.1
Project("{FAE04EC0-301F-11D3-BF4B-00C04F79EFBC}") = "CarInsurance2", "CarInsurance2.csproj", "{508CD871-C4A0-4CD1-A3C8-4532EC9319CE}"
EndProject
Global
	GlobalSection(SolutionConfigurationPlatforms) = preSolution
		Debug|Any CPU = Debug|Any CPU
		Release|Any CPU = Release|Any CPU
	EndGlobalSection
	GlobalSection(ProjectConfigurationPlatforms) = postSolution
		{508CD871-C4A0-4CD1-A3C8-4532EC9319CE}.Debug|Any CPU.ActiveCfg = Debug|Any CPU
		{508CD871-C4A0-4CD1-A3C8-4532EC9319CE}.Debug|Any CPU.Build.0 = Debug|Any CPU
		{508CD871-C4A0-4CD1-A3C8-4532EC9319CE}.Release|Any CPU.ActiveCfg = Release|Any CPU
		{508CD871-C4A0-4CD1-A3C8-4532EC9319CE}.Release|Any CPU.Build.0 = Release|Any CPU
	EndGlobalSection
	GlobalSection(SolutionProperties) = preSolution
		HideSolutionNode = FALSE
	EndGlobalSection
	GlobalSection(ExtensibilityGlobals) = postSolution
		SolutionGuid = {BB120962-546C-47CB-8E6A-D61DD5819ED6}
	EndGlobalSection
EndGlobal
